version = 1
requires-python = ">=3.12"
resolution-markers = [
    "sys_platform == 'linux'",
]
supported-markers = [
    "sys_platform == 'linux'",
]

[[package]]
name = "absl-py"
version = "2.1.0"
source = { registry = "https://pypi.org/simple" }
sdist = { url = "https://files.pythonhosted.org/packages/7a/8f/fc001b92ecc467cc32ab38398bd0bfb45df46e7523bf33c2ad22a505f06e/absl-py-2.1.0.tar.gz", hash = "sha256:7820790efbb316739cde8b4e19357243fc3608a152024288513dd968d7d959ff", size = 118055 }
wheels = [
    { url = "https://files.pythonhosted.org/packages/a2/ad/e0d3c824784ff121c03cc031f944bc7e139a8f1870ffd2845cc2dd76f6c4/absl_py-2.1.0-py3-none-any.whl", hash = "sha256:526a04eadab8b4ee719ce68f204172ead1027549089702d99b9059f129ff1308", size = 133706 },
]

[[package]]
name = "chex"
version = "0.1.86"
source = { registry = "https://pypi.org/simple" }
dependencies = [
    { name = "absl-py", marker = "sys_platform == 'linux'" },
    { name = "jax", marker = "sys_platform == 'linux'" },
    { name = "jaxlib", marker = "sys_platform == 'linux'" },
    { name = "numpy", marker = "sys_platform == 'linux'" },
    { name = "setuptools", marker = "sys_platform == 'linux'" },
    { name = "toolz", marker = "sys_platform == 'linux'" },
    { name = "typing-extensions", marker = "sys_platform == 'linux'" },
]
sdist = { url = "https://files.pythonhosted.org/packages/26/a2/46649fb9f6a33cc7c2822161cc5481f0ffe5965fde1e6fc4c3003cd22323/chex-0.1.86.tar.gz", hash = "sha256:e8b0f96330eba4144659e1617c0f7a57b161e8cbb021e55c6d5056c7378091d1", size = 89021 }
wheels = [
    { url = "https://files.pythonhosted.org/packages/e6/ed/625d545d08c6e258d2d63a93a0bf8ed8a296c09d254208e73f9d4fb0b746/chex-0.1.86-py3-none-any.whl", hash = "sha256:251c20821092323a3d9c28e1cf80e4a58180978bec368f531949bd9847eee568", size = 98167 },
]

[[package]]
name = "eikonax"
version = "0.1.0"
source = { editable = "." }
dependencies = [
    { name = "chex", marker = "sys_platform == 'linux'" },
    { name = "equinox", marker = "sys_platform == 'linux'" },
    { name = "jax", marker = "sys_platform == 'linux'" },
    { name = "numpy", marker = "sys_platform == 'linux'" },
]

[package.dev-dependencies]
dev = [
    { name = "pytest", marker = "sys_platform == 'linux'" },
    { name = "ruff", marker = "sys_platform == 'linux'" },
]

[package.metadata]
requires-dist = [
    { name = "chex", specifier = ">=0.1.86" },
    { name = "equinox", specifier = ">=0.11.5" },
    { name = "jax", specifier = ">=0.4.31" },
    { name = "numpy", specifier = ">=2.1.1" },
]

[package.metadata.requires-dev]
dev = [
    { name = "pytest", specifier = ">=8.3.2" },
    { name = "ruff", specifier = ">=0.6.4" },
]

[[package]]
name = "equinox"
version = "0.11.5"
source = { registry = "https://pypi.org/simple" }
dependencies = [
    { name = "jax", marker = "sys_platform == 'linux'" },
    { name = "jaxtyping", marker = "sys_platform == 'linux'" },
    { name = "typing-extensions", marker = "sys_platform == 'linux'" },
]
sdist = { url = "https://files.pythonhosted.org/packages/8c/d7/30dc7ddcb1b578ebc4d0489ce07c8880571ff89391dc0f1b8ca92237af20/equinox-0.11.5.tar.gz", hash = "sha256:5e0ca252eeb20cc5eece225d3d35137c7e57f998a1c6422a1972db9e5c68b7f6", size = 138805 }
wheels = [
    { url = "https://files.pythonhosted.org/packages/08/0f/1d22866c1ff666766b2c207487bef3f06edae096df2f6b4176d5f7072a10/equinox-0.11.5-py3-none-any.whl", hash = "sha256:470e93b7f6a47ae794e350a702b1931ca80eb2efebdbea997be3a8d6172acb4e", size = 177346 },
]

[[package]]
name = "iniconfig"
version = "2.0.0"
source = { registry = "https://pypi.org/simple" }
sdist = { url = "https://files.pythonhosted.org/packages/d7/4b/cbd8e699e64a6f16ca3a8220661b5f83792b3017d0f79807cb8708d33913/iniconfig-2.0.0.tar.gz", hash = "sha256:2d91e135bf72d31a410b17c16da610a82cb55f6b0477d1a902134b24a455b8b3", size = 4646 }
wheels = [
    { url = "https://files.pythonhosted.org/packages/ef/a6/62565a6e1cf69e10f5727360368e451d4b7f58beeac6173dc9db836a5b46/iniconfig-2.0.0-py3-none-any.whl", hash = "sha256:b6a85871a79d2e3b22d2d1b94ac2824226a63c6b741c88f7ae975f18b6778374", size = 5892 },
]

[[package]]
name = "jax"
version = "0.4.31"
source = { registry = "https://pypi.org/simple" }
dependencies = [
    { name = "jaxlib", marker = "sys_platform == 'linux'" },
    { name = "ml-dtypes", marker = "sys_platform == 'linux'" },
    { name = "numpy", marker = "sys_platform == 'linux'" },
    { name = "opt-einsum", marker = "sys_platform == 'linux'" },
    { name = "scipy", marker = "sys_platform == 'linux'" },
]
sdist = { url = "https://files.pythonhosted.org/packages/73/e4/c1a4c0e7dafbc53fff9f42f9c1bf5918dabd1f91325512d6b382bea8750b/jax-0.4.31.tar.gz", hash = "sha256:fd2d470643a0073d822737f0788f71391656af7e62cc5b2e7995ee390ceac287", size = 1743359 }
wheels = [
    { url = "https://files.pythonhosted.org/packages/7e/cf/5f51b43bd692e90585c0ef6e8d1b0db5d254fe0224a6570daa59a1be014f/jax-0.4.31-py3-none-any.whl", hash = "sha256:5688703735133d0dc537e99a1d646198a49c9d472d4715fde4bd437c44151bd7", size = 2038969 },
]

[[package]]
name = "jaxlib"
version = "0.4.31"
source = { registry = "https://pypi.org/simple" }
dependencies = [
    { name = "ml-dtypes", marker = "sys_platform == 'linux'" },
    { name = "numpy", marker = "sys_platform == 'linux'" },
    { name = "scipy", marker = "sys_platform == 'linux'" },
]
wheels = [
    { url = "https://files.pythonhosted.org/packages/e0/af/10b49f8de2acc7abc871478823579d7241be52ca0d6bb0d2b2c476cc1b68/jaxlib-0.4.31-cp312-cp312-manylinux2014_aarch64.whl", hash = "sha256:4d867a1a0565b31cfdaabbec81e0302c6461bb2ac4b92c04670328d795819803", size = 73053401 },
    { url = "https://files.pythonhosted.org/packages/b1/09/58d35465d48c8bee1d9a4e7a3c5db2edaabfc7ac94f4576c9f8c51b83e70/jaxlib-0.4.31-cp312-cp312-manylinux2014_x86_64.whl", hash = "sha256:1f1afa5fd58a60f67f0ca586e26714aece62eaa2c8334c24d0e8285afc4a7ccd", size = 88162291 },
]

[[package]]
name = "jaxtyping"
version = "0.2.34"
source = { registry = "https://pypi.org/simple" }
dependencies = [
    { name = "typeguard", marker = "sys_platform == 'linux'" },
]
sdist = { url = "https://files.pythonhosted.org/packages/32/cb/580f3ec30b9e52b79c0288c033a1f0a90378f3b820707a2e8894c076481b/jaxtyping-0.2.34.tar.gz", hash = "sha256:eed9a3458ec8726c84ea5457ebde53c964f65d2c22c0ec40d0555ae3fed5bbaf", size = 32688 }
wheels = [
    { url = "https://files.pythonhosted.org/packages/56/ae/220537f80eb82ae43a299de31edb2a91a28b8c5fb8046e9ff853ec7763cd/jaxtyping-0.2.34-py3-none-any.whl", hash = "sha256:2f81fb6d1586e497a6ea2d28c06dcab37b108a096cbb36ea3fe4fa2e1c1f32e5", size = 42426 },
]

[[package]]
name = "ml-dtypes"
version = "0.4.0"
source = { registry = "https://pypi.org/simple" }
dependencies = [
    { name = "numpy", marker = "sys_platform == 'linux'" },
]
sdist = { url = "https://files.pythonhosted.org/packages/dd/50/17ab8a66d66bdf55ff6dea6fe2df424061cee65c6d772abc871bb563f91b/ml_dtypes-0.4.0.tar.gz", hash = "sha256:eaf197e72f4f7176a19fe3cb8b61846b38c6757607e7bf9cd4b1d84cd3e74deb", size = 692650 }
wheels = [
    { url = "https://files.pythonhosted.org/packages/37/d5/3f3085b3a155e1b84c7fc680f05538d31cf01b835aa19cb17edd4994693f/ml_dtypes-0.4.0-cp312-cp312-manylinux_2_17_aarch64.manylinux2014_aarch64.whl", hash = "sha256:ad6849a2db386b38e4d54fe13eb3293464561780531a918f8ef4c8169170dd49", size = 2181698 },
    { url = "https://files.pythonhosted.org/packages/8c/ef/5635b60d444db9c949b32d4e1a0a30b3ac237afbd71cce8bd1ccfb145723/ml_dtypes-0.4.0-cp312-cp312-manylinux_2_17_x86_64.manylinux2014_x86_64.whl", hash = "sha256:eaa32979ebfde3a0d7c947cafbf79edc1ec77ac05ad0780ee86c1d8df70f2259", size = 2158784 },
]

[[package]]
name = "numpy"
version = "2.1.1"
source = { registry = "https://pypi.org/simple" }
sdist = { url = "https://files.pythonhosted.org/packages/59/5f/9003bb3e632f2b58f5e3a3378902dcc73c5518070736c6740fe52454e8e1/numpy-2.1.1.tar.gz", hash = "sha256:d0cf7d55b1051387807405b3898efafa862997b4cba8aa5dbe657be794afeafd", size = 18874860 }
wheels = [
    { url = "https://files.pythonhosted.org/packages/9f/8a/76ddef3e621541ddd6984bc24d256a4e3422d036790cbbe449e6cad439ee/numpy-2.1.1-cp312-cp312-manylinux_2_17_aarch64.manylinux2014_aarch64.whl", hash = "sha256:fcd8f556cdc8cfe35e70efb92463082b7f43dd7e547eb071ffc36abc0ca4699b", size = 13696705 },
    { url = "https://files.pythonhosted.org/packages/cb/22/2b840d297183916a95847c11f82ae11e248fa98113490b2357f774651e1d/numpy-2.1.1-cp312-cp312-manylinux_2_17_x86_64.manylinux2014_x86_64.whl", hash = "sha256:d2b9cd92c8f8e7b313b80e93cedc12c0112088541dcedd9197b5dee3738c1201", size = 16041649 },
    { url = "https://files.pythonhosted.org/packages/c7/e8/6f4825d8f576cfd5e4d6515b9eec22bd618868bdafc8a8c08b446dcb65f0/numpy-2.1.1-cp312-cp312-musllinux_1_1_x86_64.whl", hash = "sha256:afd9c680df4de71cd58582b51e88a61feed4abcc7530bcd3d48483f20fc76f2a", size = 16409358 },
    { url = "https://files.pythonhosted.org/packages/bf/f8/5edf1105b0dc24fd66fc3e9e7f3bca3d920cde571caaa4375ec1566073c3/numpy-2.1.1-cp312-cp312-musllinux_1_2_aarch64.whl", hash = "sha256:8661c94e3aad18e1ea17a11f60f843a4933ccaf1a25a7c6a9182af70610b2313", size = 14172488 },
    { url = "https://files.pythonhosted.org/packages/8b/b9/7ff3bfb71e316a5b43a124c4b7a5881ab12f3c32636014bef1f757f19dbd/numpy-2.1.1-cp313-cp313-manylinux_2_17_aarch64.manylinux2014_aarch64.whl", hash = "sha256:981707f6b31b59c0c24bcda52e5605f9701cb46da4b86c2e8023656ad3e833cb", size = 13692464 },
    { url = "https://files.pythonhosted.org/packages/42/78/75bcf16e6737cd196ff7ecf0e1fd3f953293a34dff4fd93fb488e8308536/numpy-2.1.1-cp313-cp313-manylinux_2_17_x86_64.manylinux2014_x86_64.whl", hash = "sha256:2ca4b53e1e0b279142113b8c5eb7d7a877e967c306edc34f3b58e9be12fda8df", size = 16037763 },
    { url = "https://files.pythonhosted.org/packages/23/99/36bf5ffe034d06df307bc783e25cf164775863166dcd878879559fe0379f/numpy-2.1.1-cp313-cp313-musllinux_1_1_x86_64.whl", hash = "sha256:e097507396c0be4e547ff15b13dc3866f45f3680f789c1a1301b07dadd3fbc78", size = 16410374 },
    { url = "https://files.pythonhosted.org/packages/7f/16/04c5dab564887d4cd31a9ed30e51467fa70d52a4425f5a9bd1eed5b3d34c/numpy-2.1.1-cp313-cp313-musllinux_1_2_aarch64.whl", hash = "sha256:f7506387e191fe8cdb267f912469a3cccc538ab108471291636a96a54e599556", size = 14169873 },
    { url = "https://files.pythonhosted.org/packages/ab/9d/337ae8721b3beec48c3413d71f2d44b2defbf3c6f7a85184fc18b7b61f4a/numpy-2.1.1-cp313-cp313t-manylinux_2_17_aarch64.manylinux2014_aarch64.whl", hash = "sha256:e8dfa9e94fc127c40979c3eacbae1e61fda4fe71d84869cc129e2721973231ef", size = 13665945 },
    { url = "https://files.pythonhosted.org/packages/c0/90/ee8668e84c5d5cc080ef3beb622c016adf19ca3aa51afe9dbdcc6a9baf59/numpy-2.1.1-cp313-cp313t-manylinux_2_17_x86_64.manylinux2014_x86_64.whl", hash = "sha256:910b47a6d0635ec1bd53b88f86120a52bf56dcc27b51f18c7b4a2e2224c29f0f", size = 16023473 },
    { url = "https://files.pythonhosted.org/packages/38/a0/57c24b2131879183051dc698fbb53fd43b77c3fa85b6e6311014f2bc2973/numpy-2.1.1-cp313-cp313t-musllinux_1_1_x86_64.whl", hash = "sha256:13cc11c00000848702322af4de0147ced365c81d66053a67c2e962a485b3717c", size = 16400624 },
    { url = "https://files.pythonhosted.org/packages/bb/4c/14a41eb5c9548c6cee6af0936eabfd985c69230ffa2f2598321431a9aa0a/numpy-2.1.1-cp313-cp313t-musllinux_1_2_aarch64.whl", hash = "sha256:53e27293b3a2b661c03f79aa51c3987492bd4641ef933e366e0f9f6c9bf257ec", size = 14155072 },
]

[[package]]
name = "opt-einsum"
version = "3.3.0"
source = { registry = "https://pypi.org/simple" }
dependencies = [
    { name = "numpy", marker = "sys_platform == 'linux'" },
]
sdist = { url = "https://files.pythonhosted.org/packages/7d/bf/9257e53a0e7715bc1127e15063e831f076723c6cd60985333a1c18878fb8/opt_einsum-3.3.0.tar.gz", hash = "sha256:59f6475f77bbc37dcf7cd748519c0ec60722e91e63ca114e68821c0c54a46549", size = 73951 }
wheels = [
    { url = "https://files.pythonhosted.org/packages/bc/19/404708a7e54ad2798907210462fd950c3442ea51acc8790f3da48d2bee8b/opt_einsum-3.3.0-py3-none-any.whl", hash = "sha256:2455e59e3947d3c275477df7f5205b30635e266fe6dc300e3d9f9646bfcea147", size = 65486 },
]

[[package]]
name = "packaging"
version = "24.1"
source = { registry = "https://pypi.org/simple" }
sdist = { url = "https://files.pythonhosted.org/packages/51/65/50db4dda066951078f0a96cf12f4b9ada6e4b811516bf0262c0f4f7064d4/packaging-24.1.tar.gz", hash = "sha256:026ed72c8ed3fcce5bf8950572258698927fd1dbda10a5e981cdf0ac37f4f002", size = 148788 }
wheels = [
    { url = "https://files.pythonhosted.org/packages/08/aa/cc0199a5f0ad350994d660967a8efb233fe0416e4639146c089643407ce6/packaging-24.1-py3-none-any.whl", hash = "sha256:5b8f2217dbdbd2f7f384c41c628544e6d52f2d0f53c6d0c3ea61aa5d1d7ff124", size = 53985 },
]

[[package]]
name = "pluggy"
version = "1.5.0"
source = { registry = "https://pypi.org/simple" }
sdist = { url = "https://files.pythonhosted.org/packages/96/2d/02d4312c973c6050a18b314a5ad0b3210edb65a906f868e31c111dede4a6/pluggy-1.5.0.tar.gz", hash = "sha256:2cffa88e94fdc978c4c574f15f9e59b7f4201d439195c3715ca9e2486f1d0cf1", size = 67955 }
wheels = [
    { url = "https://files.pythonhosted.org/packages/88/5f/e351af9a41f866ac3f1fac4ca0613908d9a41741cfcf2228f4ad853b697d/pluggy-1.5.0-py3-none-any.whl", hash = "sha256:44e1ad92c8ca002de6377e165f3e0f1be63266ab4d554740532335b9d75ea669", size = 20556 },
]

[[package]]
name = "pytest"
version = "8.3.2"
source = { registry = "https://pypi.org/simple" }
dependencies = [
    { name = "iniconfig", marker = "sys_platform == 'linux'" },
    { name = "packaging", marker = "sys_platform == 'linux'" },
    { name = "pluggy", marker = "sys_platform == 'linux'" },
]
sdist = { url = "https://files.pythonhosted.org/packages/b4/8c/9862305bdcd6020bc7b45b1b5e7397a6caf1a33d3025b9a003b39075ffb2/pytest-8.3.2.tar.gz", hash = "sha256:c132345d12ce551242c87269de812483f5bcc87cdbb4722e48487ba194f9fdce", size = 1439314 }
wheels = [
    { url = "https://files.pythonhosted.org/packages/0f/f9/cf155cf32ca7d6fa3601bc4c5dd19086af4b320b706919d48a4c79081cf9/pytest-8.3.2-py3-none-any.whl", hash = "sha256:4ba08f9ae7dcf84ded419494d229b48d0903ea6407b030eaec46df5e6a73bba5", size = 341802 },
]

[[package]]
name = "ruff"
version = "0.6.4"
source = { registry = "https://pypi.org/simple" }
sdist = { url = "https://files.pythonhosted.org/packages/a4/55/9f485266e6326cab707369601b13e3e72eb90ba3eee2d6779549a00a0d58/ruff-0.6.4.tar.gz", hash = "sha256:ac3b5bfbee99973f80aa1b7cbd1c9cbce200883bdd067300c22a6cc1c7fba212", size = 2469375 }
wheels = [
    { url = "https://files.pythonhosted.org/packages/e3/78/307591f81d09c8721b5e64539f287c82c81a46f46d16278eb27941ac17f9/ruff-0.6.4-py3-none-linux_armv6l.whl", hash = "sha256:c4b153fc152af51855458e79e835fb6b933032921756cec9af7d0ba2aa01a258", size = 9692673 },
    { url = "https://files.pythonhosted.org/packages/6d/bc/c69db2d68ac7bfbb222c81dc43a86e0402d0063e20b13e609f7d17d81d3f/ruff-0.6.4-py3-none-manylinux_2_17_aarch64.manylinux2014_aarch64.whl", hash = "sha256:7862f42fc1a4aca1ea3ffe8a11f67819d183a5693b228f0bb3a531f5e40336fc", size = 10129365 },
    { url = "https://files.pythonhosted.org/packages/3b/10/8ed14ff60a4e5eb08cac0a04a9b4e8590c72d1ce4d29ef22cef97d19536d/ruff-0.6.4-py3-none-manylinux_2_17_armv7l.manylinux2014_armv7l.whl", hash = "sha256:eebe4ff1967c838a1a9618a5a59a3b0a00406f8d7eefee97c70411fefc353617", size = 9483351 },
    { url = "https://files.pythonhosted.org/packages/a9/69/13316b8d64ffd6a43627cf0753339a7f95df413450c301a60904581bee6e/ruff-0.6.4-py3-none-manylinux_2_17_i686.manylinux2014_i686.whl", hash = "sha256:932063a03bac394866683e15710c25b8690ccdca1cf192b9a98260332ca93408", size = 10301099 },
    { url = "https://files.pythonhosted.org/packages/42/00/9623494087272643e8f02187c266638306c6829189a5bf1446968bbe438b/ruff-0.6.4-py3-none-manylinux_2_17_ppc64.manylinux2014_ppc64.whl", hash = "sha256:50e30b437cebef547bd5c3edf9ce81343e5dd7c737cb36ccb4fe83573f3d392e", size = 11033216 },
    { url = "https://files.pythonhosted.org/packages/c5/31/e0c9d881db42ea1267e075c29aafe0db5a8a3024b131f952747f6234f858/ruff-0.6.4-py3-none-manylinux_2_17_ppc64le.manylinux2014_ppc64le.whl", hash = "sha256:c44536df7b93a587de690e124b89bd47306fddd59398a0fb12afd6133c7b3818", size = 10618140 },
    { url = "https://files.pythonhosted.org/packages/5b/35/f1d8b746aedd4c8fde4f83397e940cc4c8fc619860ebbe3073340381a34d/ruff-0.6.4-py3-none-manylinux_2_17_s390x.manylinux2014_s390x.whl", hash = "sha256:0ea086601b22dc5e7693a78f3fcfc460cceabfdf3bdc36dc898792aba48fbad6", size = 11606672 },
    { url = "https://files.pythonhosted.org/packages/c5/70/899b03cbb3eb48ed0507d4b32b6f7aee562bc618ef9ffda855ec98c0461a/ruff-0.6.4-py3-none-manylinux_2_17_x86_64.manylinux2014_x86_64.whl", hash = "sha256:0b52387d3289ccd227b62102c24714ed75fbba0b16ecc69a923a37e3b5e0aaaa", size = 10288013 },
    { url = "https://files.pythonhosted.org/packages/17/c6/906bf895640521ca5115ccdd857b2bac42bd61facde6620fdc2efc0a4806/ruff-0.6.4-py3-none-musllinux_1_2_aarch64.whl", hash = "sha256:0308610470fcc82969082fc83c76c0d362f562e2f0cdab0586516f03a4e06ec6", size = 10109473 },
    { url = "https://files.pythonhosted.org/packages/28/da/1284eb04172f8a5d42eb52fce9d643dd747ac59a4ed6c5d42729f72e934d/ruff-0.6.4-py3-none-musllinux_1_2_armv7l.whl", hash = "sha256:803b96dea21795a6c9d5bfa9e96127cc9c31a1987802ca68f35e5c95aed3fc0d", size = 9568817 },
    { url = "https://files.pythonhosted.org/packages/6c/e2/f8250b54edbb2e9222e22806e1bcc35a192ac18d1793ea556fa4977a843a/ruff-0.6.4-py3-none-musllinux_1_2_i686.whl", hash = "sha256:66dbfea86b663baab8fcae56c59f190caba9398df1488164e2df53e216248baa", size = 9910840 },
    { url = "https://files.pythonhosted.org/packages/9c/7c/dcf2c10562346ecdf6f0e5f6669b2ddc9a74a72956c3f419abd6820c2aff/ruff-0.6.4-py3-none-musllinux_1_2_x86_64.whl", hash = "sha256:34d5efad480193c046c86608dbba2bccdc1c5fd11950fb271f8086e0c763a5d1", size = 10354263 },
]

[[package]]
name = "scipy"
version = "1.14.1"
source = { registry = "https://pypi.org/simple" }
dependencies = [
    { name = "numpy", marker = "sys_platform == 'linux'" },
]
sdist = { url = "https://files.pythonhosted.org/packages/62/11/4d44a1f274e002784e4dbdb81e0ea96d2de2d1045b2132d5af62cc31fd28/scipy-1.14.1.tar.gz", hash = "sha256:5a275584e726026a5699459aa72f828a610821006228e841b94275c4a7c08417", size = 58620554 }
wheels = [
    { url = "https://files.pythonhosted.org/packages/f0/5a/efa92a58dc3a2898705f1dc9dbaf390ca7d4fba26d6ab8cfffb0c72f656f/scipy-1.14.1-cp312-cp312-manylinux_2_17_aarch64.manylinux2014_aarch64.whl", hash = "sha256:30ac8812c1d2aab7131a79ba62933a2a76f582d5dbbc695192453dae67ad6310", size = 35319299 },
    { url = "https://files.pythonhosted.org/packages/8e/ee/8a26858ca517e9c64f84b4c7734b89bda8e63bec85c3d2f432d225bb1886/scipy-1.14.1-cp312-cp312-manylinux_2_17_x86_64.manylinux2014_x86_64.whl", hash = "sha256:8f9ea80f2e65bdaa0b7627fb00cbeb2daf163caa015e59b7516395fe3bd1e066", size = 40849331 },
    { url = "https://files.pythonhosted.org/packages/a5/cd/06f72bc9187840f1c99e1a8750aad4216fc7dfdd7df46e6280add14b4822/scipy-1.14.1-cp312-cp312-musllinux_1_2_x86_64.whl", hash = "sha256:edaf02b82cd7639db00dbff629995ef185c8df4c3ffa71a5562a595765a06ce1", size = 42544049 },
    { url = "https://files.pythonhosted.org/packages/a7/2f/6c142b352ac15967744d62b165537a965e95d557085db4beab2a11f7943b/scipy-1.14.1-cp313-cp313-manylinux_2_17_aarch64.manylinux2014_aarch64.whl", hash = "sha256:b99722ea48b7ea25e8e015e8341ae74624f72e5f21fc2abd45f3a93266de4c5d", size = 35292639 },
    { url = "https://files.pythonhosted.org/packages/56/46/2449e6e51e0d7c3575f289f6acb7f828938eaab8874dbccfeb0cd2b71a27/scipy-1.14.1-cp313-cp313-manylinux_2_17_x86_64.manylinux2014_x86_64.whl", hash = "sha256:5149e3fd2d686e42144a093b206aef01932a0059c2a33ddfa67f5f035bdfe13e", size = 40798288 },
    { url = "https://files.pythonhosted.org/packages/32/cd/9d86f7ed7f4497c9fd3e39f8918dd93d9f647ba80d7e34e4946c0c2d1a7c/scipy-1.14.1-cp313-cp313-musllinux_1_2_x86_64.whl", hash = "sha256:e4f5a7c49323533f9103d4dacf4e4f07078f360743dec7f7596949149efeec06", size = 42524647 },
]

[[package]]
name = "setuptools"
version = "74.1.2"
source = { registry = "https://pypi.org/simple" }
sdist = { url = "https://files.pythonhosted.org/packages/3e/2c/f0a538a2f91ce633a78daaeb34cbfb93a54bd2132a6de1f6cec028eee6ef/setuptools-74.1.2.tar.gz", hash = "sha256:95b40ed940a1c67eb70fc099094bd6e99c6ee7c23aa2306f4d2697ba7916f9c6", size = 1356467 }
wheels = [
    { url = "https://files.pythonhosted.org/packages/cb/9c/9ad11ac06b97e55ada655f8a6bea9d1d3f06e120b178cd578d80e558191d/setuptools-74.1.2-py3-none-any.whl", hash = "sha256:5f4c08aa4d3ebcb57a50c33b1b07e94315d7fc7230f7115e47fc99776c8ce308", size = 1262071 },
]

[[package]]
name = "toolz"
version = "0.12.1"
source = { registry = "https://pypi.org/simple" }
sdist = { url = "https://files.pythonhosted.org/packages/3e/bf/5e12db234df984f6df3c7f12f1428aa680ba4e101f63f4b8b3f9e8d2e617/toolz-0.12.1.tar.gz", hash = "sha256:ecca342664893f177a13dac0e6b41cbd8ac25a358e5f215316d43e2100224f4d", size = 66550 }
wheels = [
    { url = "https://files.pythonhosted.org/packages/b7/8a/d82202c9f89eab30f9fc05380daae87d617e2ad11571ab23d7c13a29bb54/toolz-0.12.1-py3-none-any.whl", hash = "sha256:d22731364c07d72eea0a0ad45bafb2c2937ab6fd38a3507bf55eae8744aa7d85", size = 56121 },
]

[[package]]
name = "typeguard"
version = "2.13.3"
source = { registry = "https://pypi.org/simple" }
sdist = { url = "https://files.pythonhosted.org/packages/3a/38/c61bfcf62a7b572b5e9363a802ff92559cb427ee963048e1442e3aef7490/typeguard-2.13.3.tar.gz", hash = "sha256:00edaa8da3a133674796cf5ea87d9f4b4c367d77476e185e80251cc13dfbb8c4", size = 40604 }
wheels = [
    { url = "https://files.pythonhosted.org/packages/9a/bb/d43e5c75054e53efce310e79d63df0ac3f25e34c926be5dffb7d283fb2a8/typeguard-2.13.3-py3-none-any.whl", hash = "sha256:5e3e3be01e887e7eafae5af63d1f36c849aaa94e3a0112097312aabfa16284f1", size = 17605 },
]

[[package]]
name = "typing-extensions"
version = "4.12.2"
source = { registry = "https://pypi.org/simple" }
sdist = { url = "https://files.pythonhosted.org/packages/df/db/f35a00659bc03fec321ba8bce9420de607a1d37f8342eee1863174c69557/typing_extensions-4.12.2.tar.gz", hash = "sha256:1a7ead55c7e559dd4dee8856e3a88b41225abfe1ce8df57b7c13915fe121ffb8", size = 85321 }
wheels = [
    { url = "https://files.pythonhosted.org/packages/26/9f/ad63fc0248c5379346306f8668cda6e2e2e9c95e01216d2b8ffd9ff037d0/typing_extensions-4.12.2-py3-none-any.whl", hash = "sha256:04e5ca0351e0f3f85c6853954072df659d0d13fac324d0072316b67d7794700d", size = 37438 },
]
